
Microsoft Visual Studio Solution File, Format Version 12.00
# Visual Studio Version 16
VisualStudioVersion = 16.0.31729.503
MinimumVisualStudioVersion = 10.0.40219.1
Project("{9A19103F-16F7-4668-BE54-9A1E7A4F7556}") = "AgentieTurism", "AgentieTurism.csproj", "{CDFCE009-1483-41D9-9011-B367B4A6791F}"
EndProject
Global
	GlobalSection(SolutionConfigurationPlatforms) = preSolution
		Debug|Any CPU = Debug|Any CPU
		Release|Any CPU = Release|Any CPU
	EndGlobalSection
	GlobalSection(ProjectConfigurationPlatforms) = postSolution
		{CDFCE009-1483-41D9-9011-B367B4A6791F}.Debug|Any CPU.ActiveCfg = Debug|Any CPU
		{CDFCE009-1483-41D9-9011-B367B4A6791F}.Debug|Any CPU.Build.0 = Debug|Any CPU
		{CDFCE009-1483-41D9-9011-B367B4A6791F}.Release|Any CPU.ActiveCfg = Release|Any CPU
		{CDFCE009-1483-41D9-9011-B367B4A6791F}.Release|Any CPU.Build.0 = Release|Any CPU
	EndGlobalSection
	GlobalSection(SolutionProperties) = preSolution
		HideSolutionNode = FALSE
	EndGlobalSection
	GlobalSection(ExtensibilityGlobals) = postSolution
		SolutionGuid = {F0F210B2-655A-4DC1-99AD-FEDFF741016A}
	EndGlobalSection
EndGlobal
